
Microsoft Visual Studio Solution File, Format Version 12.00
# Visual Studio 15
VisualStudioVersion = 15.0.28307.168
MinimumVisualStudioVersion = 10.0.40219.1
Project("{FAE04EC0-301F-11D3-BF4B-00C04F79EFBC}") = "HMA_EA", "FastTrack\HMA_EA.csproj", "{904ABDC9-80F1-43AD-8636-B507F6AAAECF}"
EndProject
Global
	GlobalSection(SolutionConfigurationPlatforms) = preSolution
		Debug|Any CPU = Debug|Any CPU
		Release|Any CPU = Release|Any CPU
	EndGlobalSection
	GlobalSection(ProjectConfigurationPlatforms) = postSolution
		{904ABDC9-80F1-43AD-8636-B507F6AAAECF}.Debug|Any CPU.ActiveCfg = Debug|Any CPU
		{904ABDC9-80F1-43AD-8636-B507F6AAAECF}.Debug|Any CPU.Build.0 = Debug|Any CPU
		{904ABDC9-80F1-43AD-8636-B507F6AAAECF}.Release|Any CPU.ActiveCfg = Release|Any CPU
		{904ABDC9-80F1-43AD-8636-B507F6AAAECF}.Release|Any CPU.Build.0 = Release|Any CPU
	EndGlobalSection
	GlobalSection(SolutionProperties) = preSolution
		HideSolutionNode = FALSE
	EndGlobalSection
	GlobalSection(ExtensibilityGlobals) = postSolution
		SolutionGuid = {0B112C48-5738-49C4-B75B-10608A752075}
	EndGlobalSection
EndGlobal
