
Microsoft Visual Studio Solution File, Format Version 12.00
# Visual Studio 15
VisualStudioVersion = 15.0.28307.489
MinimumVisualStudioVersion = 10.0.40219.1
Project("{FAE04EC0-301F-11D3-BF4B-00C04F79EFBC}") = "GKAH_EA", "GKAH_EA\GKAH_EA.csproj", "{5495A714-B1CE-4520-90FC-27C3CAC70FB4}"
EndProject
Global
	GlobalSection(SolutionConfigurationPlatforms) = preSolution
		Debug|Any CPU = Debug|Any CPU
		Release|Any CPU = Release|Any CPU
	EndGlobalSection
	GlobalSection(ProjectConfigurationPlatforms) = postSolution
		{5495A714-B1CE-4520-90FC-27C3CAC70FB4}.Debug|Any CPU.ActiveCfg = Debug|Any CPU
		{5495A714-B1CE-4520-90FC-27C3CAC70FB4}.Debug|Any CPU.Build.0 = Debug|Any CPU
		{5495A714-B1CE-4520-90FC-27C3CAC70FB4}.Release|Any CPU.ActiveCfg = Release|Any CPU
		{5495A714-B1CE-4520-90FC-27C3CAC70FB4}.Release|Any CPU.Build.0 = Release|Any CPU
	EndGlobalSection
	GlobalSection(SolutionProperties) = preSolution
		HideSolutionNode = FALSE
	EndGlobalSection
	GlobalSection(ExtensibilityGlobals) = postSolution
		SolutionGuid = {A3369AEF-24D0-4CE1-B592-AB89E4606FC3}
	EndGlobalSection
EndGlobal
